
Microsoft Visual Studio Solution File, Format Version 12.00
# Visual Studio Version 17
VisualStudioVersion = 17.5.33209.295
MinimumVisualStudioVersion = 10.0.40219.1
Project("{8BC9CEB8-8B4A-11D0-8D11-00A0C91BC942}") = "yomikomitest", "yomikomitest\yomikomitest.vcxproj", "{07951854-F961-41E9-A66B-259CE1782546}"
EndProject
Global
	GlobalSection(SolutionConfigurationPlatforms) = preSolution
		Debug|x64 = Debug|x64
		Debug|x86 = Debug|x86
		Release|x64 = Release|x64
		Release|x86 = Release|x86
	EndGlobalSection
	GlobalSection(ProjectConfigurationPlatforms) = postSolution
		{07951854-F961-41E9-A66B-259CE1782546}.Debug|x64.ActiveCfg = Debug|x64
		{07951854-F961-41E9-A66B-259CE1782546}.Debug|x64.Build.0 = Debug|x64
		{07951854-F961-41E9-A66B-259CE1782546}.Debug|x86.ActiveCfg = Debug|Win32
		{07951854-F961-41E9-A66B-259CE1782546}.Debug|x86.Build.0 = Debug|Win32
		{07951854-F961-41E9-A66B-259CE1782546}.Release|x64.ActiveCfg = Release|x64
		{07951854-F961-41E9-A66B-259CE1782546}.Release|x64.Build.0 = Release|x64
		{07951854-F961-41E9-A66B-259CE1782546}.Release|x86.ActiveCfg = Release|Win32
		{07951854-F961-41E9-A66B-259CE1782546}.Release|x86.Build.0 = Release|Win32
	EndGlobalSection
	GlobalSection(SolutionProperties) = preSolution
		HideSolutionNode = FALSE
	EndGlobalSection
	GlobalSection(ExtensibilityGlobals) = postSolution
		SolutionGuid = {98724913-4B7F-403E-9CB5-4886C5D76B21}
	EndGlobalSection
EndGlobal
